Microsoft Visual Studio Solution File, Format Version 12.00
# Visual Studio Version 17
VisualStudioVersion = 17.5.2.0
MinimumVisualStudioVersion = 10.0.40219.1
Project("{FAE04EC0-301F-11D3-BF4B-00C04F79EFBC}") = "BusBoard", "BusBoard.csproj", "{7CFF2050-61FE-25D6-CEA1-9719BE272CB0}"
EndProject
Global
	GlobalSection(SolutionConfigurationPlatforms) = preSolution
		Debug|Any CPU = Debug|Any CPU
		Release|Any CPU = Release|Any CPU
	EndGlobalSection
	GlobalSection(ProjectConfigurationPlatforms) = postSolution
		{7CFF2050-61FE-25D6-CEA1-9719BE272CB0}.Debug|Any CPU.ActiveCfg = Debug|Any CPU
		{7CFF2050-61FE-25D6-CEA1-9719BE272CB0}.Debug|Any CPU.Build.0 = Debug|Any CPU
		{7CFF2050-61FE-25D6-CEA1-9719BE272CB0}.Release|Any CPU.ActiveCfg = Release|Any CPU
		{7CFF2050-61FE-25D6-CEA1-9719BE272CB0}.Release|Any CPU.Build.0 = Release|Any CPU
	EndGlobalSection
	GlobalSection(SolutionProperties) = preSolution
		HideSolutionNode = FALSE
	EndGlobalSection
	GlobalSection(ExtensibilityGlobals) = postSolution
		SolutionGuid = {2B0A3D88-D5EA-4F7A-B65F-D1C0A301CD82}
	EndGlobalSection
EndGlobal
